
Microsoft Visual Studio Solution File, Format Version 12.00
# Visual Studio 14
VisualStudioVersion = 14.0.25123.0
MinimumVisualStudioVersion = 10.0.40219.1
Project("{A6CADCA4-4851-4743-B5D2-DD927326BE7A}") = "Sitecore.Support.302248.302249", "Sitecore.Support.302248.302249\Sitecore.Support.302248.302249.csproj", "{4BE1603F-FE3D-4FD9-AE23-3DA9A054B4C2}"
EndProject
Global
	GlobalSection(SolutionConfigurationPlatforms) = preSolution
		Debug|Any CPU = Debug|Any CPU
		Release|Any CPU = Release|Any CPU
	EndGlobalSection
	GlobalSection(ProjectConfigurationPlatforms) = postSolution
		{4BE1603F-FE3D-4FD9-AE23-3DA9A054B4C2}.Debug|Any CPU.ActiveCfg = Debug|Any CPU
		{4BE1603F-FE3D-4FD9-AE23-3DA9A054B4C2}.Debug|Any CPU.Build.0 = Debug|Any CPU
		{4BE1603F-FE3D-4FD9-AE23-3DA9A054B4C2}.Release|Any CPU.ActiveCfg = Release|Any CPU
		{4BE1603F-FE3D-4FD9-AE23-3DA9A054B4C2}.Release|Any CPU.Build.0 = Release|Any CPU
	EndGlobalSection
	GlobalSection(SolutionProperties) = preSolution
		HideSolutionNode = FALSE
	EndGlobalSection
EndGlobal
